
Microsoft Visual Studio Solution File, Format Version 12.00
# Visual Studio Version 16
VisualStudioVersion = 16.0.29025.244
MinimumVisualStudioVersion = 10.0.40219.1
Project("{9A19103F-16F7-4668-BE54-9A1E7A4F7556}") = "FilmLibrary", "FilmLibrary\FilmLibrary.csproj", "{6D6F3716-9A62-4242-A830-1ECBD5A228F1}"
EndProject
Project("{9A19103F-16F7-4668-BE54-9A1E7A4F7556}") = "UnitTests", "UnitTests\UnitTests.csproj", "{CBEAD476-DB8C-4856-B586-80B4C143DA0D}"
EndProject
Global
	GlobalSection(SolutionConfigurationPlatforms) = preSolution
		Debug|Any CPU = Debug|Any CPU
		Release|Any CPU = Release|Any CPU
	EndGlobalSection
	GlobalSection(ProjectConfigurationPlatforms) = postSolution
		{6D6F3716-9A62-4242-A830-1ECBD5A228F1}.Debug|Any CPU.ActiveCfg = Debug|Any CPU
		{6D6F3716-9A62-4242-A830-1ECBD5A228F1}.Debug|Any CPU.Build.0 = Debug|Any CPU
		{6D6F3716-9A62-4242-A830-1ECBD5A228F1}.Release|Any CPU.ActiveCfg = Release|Any CPU
		{6D6F3716-9A62-4242-A830-1ECBD5A228F1}.Release|Any CPU.Build.0 = Release|Any CPU
		{CBEAD476-DB8C-4856-B586-80B4C143DA0D}.Debug|Any CPU.ActiveCfg = Debug|Any CPU
		{CBEAD476-DB8C-4856-B586-80B4C143DA0D}.Debug|Any CPU.Build.0 = Debug|Any CPU
		{CBEAD476-DB8C-4856-B586-80B4C143DA0D}.Release|Any CPU.ActiveCfg = Release|Any CPU
		{CBEAD476-DB8C-4856-B586-80B4C143DA0D}.Release|Any CPU.Build.0 = Release|Any CPU
	EndGlobalSection
	GlobalSection(SolutionProperties) = preSolution
		HideSolutionNode = FALSE
	EndGlobalSection
	GlobalSection(ExtensibilityGlobals) = postSolution
		SolutionGuid = {24D840D1-DE82-46ED-8B67-649B18D21F1C}
	EndGlobalSection
EndGlobal
